<?xml version="1.0" encoding="utf-8"?>
<Project ToolsVersion="4.0" xmlns="http://schemas.microsoft.com/developer/msbuild/2003">
  <ItemGroup>
    <ClCompile Include="main.cpp" />
    <ClCompile Include="project\src\lapi.c" />
    <ClCompile Include="project\src\lauxlib.c" />
    <ClCompile Include="project\src\lbaselib.c" />
    <ClCompile Include="project\src\lcode.c" />
    <ClCompile Include="project\src\lcorolib.c" />
    <ClCompile Include="project\src\lctype.c" />
    <ClCompile Include="project\src\ldblib.c" />
    <ClCompile Include="project\src\ldebug.c" />
    <ClCompile Include="project\src\ldo.c" />
    <ClCompile Include="project\src\ldump.c" />
    <ClCompile Include="project\src\lfunc.c" />
    <ClCompile Include="project\src\lgc.c" />
    <ClCompile Include="project\src\linit.c" />
    <ClCompile Include="project\src\liolib.c" />
    <ClCompile Include="project\src\llex.c" />
    <ClCompile Include="project\src\lmathlib.c" />
    <ClCompile Include="project\src\lmem.c" />
    <ClCompile Include="project\src\loadlib.c" />
    <ClCompile Include="project\src\lobject.c" />
    <ClCompile Include="project\src\lopcodes.c" />
    <ClCompile Include="project\src\loslib.c" />
    <ClCompile Include="project\src\lparser.c" />
    <ClCompile Include="project\src\lstate.c" />
    <ClCompile Include="project\src\lstring.c" />
    <ClCompile Include="project\src\lstrlib.c" />
    <ClCompile Include="project\src\ltable.c" />
    <ClCompile Include="project\src\ltablib.c" />
    <ClCompile Include="project\src\ltm.c" />
    <ClCompile Include="project\src\lua.c" />
    <ClCompile Include="project\src\luac.c" />
    <ClCompile Include="project\src\lundump.c" />
    <ClCompile Include="project\src\lutf8lib.c" />
    <ClCompile Include="project\src\lvm.c" />
    <ClCompile Include="project\src\lzio.c" />
  </ItemGroup>
  <ItemGroup>
    <ClInclude Include="project\src\lapi.h" />
    <ClInclude Include="project\src\lauxlib.h" />
    <ClInclude Include="project\src\lcode.h" />
    <ClInclude Include="project\src\lctype.h" />
    <ClInclude Include="project\src\ldebug.h" />
    <ClInclude Include="project\src\ldo.h" />
    <ClInclude Include="project\src\lfunc.h" />
    <ClInclude Include="project\src\lgc.h" />
    <ClInclude Include="project\src\ljumptab.h" />
    <ClInclude Include="project\src\llex.h" />
    <ClInclude Include="project\src\llimits.h" />
    <ClInclude Include="project\src\lmem.h" />
    <ClInclude Include="project\src\lobject.h" />
    <ClInclude Include="project\src\lopcodes.h" />
    <ClInclude Include="project\src\lopnames.h" />
    <ClInclude Include="project\src\lparser.h" />
    <ClInclude Include="project\src\lprefix.h" />
    <ClInclude Include="project\src\lstate.h" />
    <ClInclude Include="project\src\lstring.h" />
    <ClInclude Include="project\src\ltable.h" />
    <ClInclude Include="project\src\ltm.h" />
    <ClInclude Include="project\src\lua.h" />
    <ClInclude Include="project\src\lua.hpp" />
    <ClInclude Include="project\src\luaconf.h" />
    <ClInclude Include="project\src\lualib.h" />
    <ClInclude Include="project\src\lundump.h" />
    <ClInclude Include="project\src\lvm.h" />
    <ClInclude Include="project\src\lzio.h" />
  </ItemGroup>
</Project>